
Microsoft Visual Studio Solution File, Format Version 12.00
# Visual Studio Version 17
VisualStudioVersion = 17.12.35707.178 d17.12
MinimumVisualStudioVersion = 10.0.40219.1
Project("{FAE04EC0-301F-11D3-BF4B-00C04F79EFBC}") = "TargetMasters", "TargetMasters.csproj", "{ACE1533B-0F2C-4180-B59A-D2633E0A39CF}"
EndProject
Global
	GlobalSection(SolutionConfigurationPlatforms) = preSolution
		Debug|Any CPU = Debug|Any CPU
		Release|Any CPU = Release|Any CPU
	EndGlobalSection
	GlobalSection(ProjectConfigurationPlatforms) = postSolution
		{ACE1533B-0F2C-4180-B59A-D2633E0A39CF}.Debug|Any CPU.ActiveCfg = Debug|Any CPU
		{ACE1533B-0F2C-4180-B59A-D2633E0A39CF}.Debug|Any CPU.Build.0 = Debug|Any CPU
		{ACE1533B-0F2C-4180-B59A-D2633E0A39CF}.Release|Any CPU.ActiveCfg = Release|Any CPU
		{ACE1533B-0F2C-4180-B59A-D2633E0A39CF}.Release|Any CPU.Build.0 = Release|Any CPU
	EndGlobalSection
	GlobalSection(SolutionProperties) = preSolution
		HideSolutionNode = FALSE
	EndGlobalSection
EndGlobal
